
Microsoft Visual Studio Solution File, Format Version 12.00
# Visual Studio Version 17
VisualStudioVersion = 17.11.35103.136
MinimumVisualStudioVersion = 10.0.40219.1
Project("{FAE04EC0-301F-11D3-BF4B-00C04F79EFBC}") = "EfCoreExamples", "EfCoreExamples\EfCoreExamples.csproj", "{1839A3B8-698B-4967-844A-2E086FC104A2}"
EndProject
Global
	GlobalSection(SolutionConfigurationPlatforms) = preSolution
		Debug|Any CPU = Debug|Any CPU
		Release|Any CPU = Release|Any CPU
	EndGlobalSection
	GlobalSection(ProjectConfigurationPlatforms) = postSolution
		{1839A3B8-698B-4967-844A-2E086FC104A2}.Debug|Any CPU.ActiveCfg = Debug|Any CPU
		{1839A3B8-698B-4967-844A-2E086FC104A2}.Debug|Any CPU.Build.0 = Debug|Any CPU
		{1839A3B8-698B-4967-844A-2E086FC104A2}.Release|Any CPU.ActiveCfg = Release|Any CPU
		{1839A3B8-698B-4967-844A-2E086FC104A2}.Release|Any CPU.Build.0 = Release|Any CPU
	EndGlobalSection
	GlobalSection(SolutionProperties) = preSolution
		HideSolutionNode = FALSE
	EndGlobalSection
	GlobalSection(ExtensibilityGlobals) = postSolution
		SolutionGuid = {D87F440F-59E5-4227-923B-6DFC1064C84D}
	EndGlobalSection
EndGlobal
